{
  "version": 4,
  "terraform_version": "0.12.3",
  "serial": 564,
  "lineage": "46aa38dd-5e50-0d13-234e-97627ab363a4",
  "outputs": {
    "instance_ip_addr_public": {
      "value": [
        [
          "ec2-54-93-98-241.eu-central-1.compute.amazonaws.com",
          "ec2-35-158-93-249.eu-central-1.compute.amazonaws.com",
          "ec2-52-29-115-91.eu-central-1.compute.amazonaws.com",
          "ec2-18-196-64-184.eu-central-1.compute.amazonaws.com"
        ]
      ],
      "type": [
        "tuple",
        [
          [
            "tuple",
            [
              "string",
              "string",
              "string",
              "string"
            ]
          ]
        ]
      ]
    }
  },
  "resources": [
    {
      "mode": "managed",
      "type": "aws_internet_gateway",
      "name": "ANSIBLE-KURS-IGW-1",
      "provider": "provider.aws",
      "instances": [
        {
          "schema_version": 0,
          "attributes": {
            "id": "igw-04e329c4628b3d134",
            "owner_id": "189571796651",
            "tags": null,
            "vpc_id": "vpc-062f4b6a92ba817d4"
          },
          "private": "bnVsbA==",
          "depends_on": [
            "aws_vpc.ANSIBLE-KURS-VPC-1"
          ]
        }
      ]
    },
    {
      "mode": "managed",
      "type": "aws_key_pair",
      "name": "ANSIBLE-KURS-KEYPAIR-1",
      "provider": "provider.aws",
      "instances": [
        {
          "schema_version": 1,
          "attributes": {
            "fingerprint": "ce:18:b9:9b:c9:77:4c:97:c6:f5:9c:61:96:2a:15:84",
            "id": "ANSIBLE-KURS-KEYPAIR-1",
            "key_name": "ANSIBLE-KURS-KEYPAIR-1",
            "key_name_prefix": null,
            "public_key": "ssh-rsa AAAAB3NzaC1yc2EAAAADAQABAAACAQDMofp3C6RyZCr1NJd4hwCxppdyA4X2Al8imVNbZch30OfcH+A9IY2n5UYiKYRhID58x4T7tzQug+47t+GSDFZot4rKzoBFebQ/PthwHyfKBD18g8PCPiX6fzpoMvl4gANMlUD1bq8lk3rb3CtXZyehQ5SKQw10GQgXyj0ADHTky0ErUl3RLrQDnD6Ku0TBVEOSbexCplwpJf2Bjrob8qj04RIykHNYoddJ1X8W9VlUG9KSnZo0CScLjk0zzxs8kebh0E0gWeZPBUVwW5n0GnynFvGO0ANZVAQzo6cTGPkbA+3VrhOsW3HayRwgKTaSGh0j+pY/QH696MqUlEG5qSpsY0b3b8Pe3+Ap/P9tRRn6kFIVQo7rdXicsLSLGHVqA0exdF9zrXo+95pzOhNmVHD8r+nY34VHGQzD8plSy4y87oZt+O3b9MDg+ovjcl4+bYtCnQE5+gJHZ2nuVBkJpNelDKI6eoOnMDYRiDtjTk03UZ8/0TE21oMfeLfOm/bLETFfS7D5jsSW3JoXyAquBF30b0N6aZ/BT/XT4laOF9fChWlKSVc7RZ3Eu8KpPbxh5/ZXeQURosA9ECt5zwbHieaIHJep7iawST064JBunLZxD2b5SdY6v8zUskt+jPJTDkVx2HdJrlroTIpU5CUqDyEKIM8bB3BpjEm2khGn4EPp7w== TEMP AWS ANSIBLE KURS"
          },
          "private": "eyJzY2hlbWFfdmVyc2lvbiI6IjEifQ=="
        }
      ]
    },
    {
      "mode": "managed",
      "type": "aws_route_table",
      "name": "ANSIBLE-KURS-ROUTETABLE-1",
      "provider": "provider.aws",
      "instances": [
        {
          "schema_version": 0,
          "attributes": {
            "id": "rtb-0b57f96f7c7fdc832",
            "owner_id": "189571796651",
            "propagating_vgws": [],
            "route": [
              {
                "cidr_block": "0.0.0.0/0",
                "egress_only_gateway_id": "",
                "gateway_id": "igw-04e329c4628b3d134",
                "instance_id": "",
                "ipv6_cidr_block": "",
                "nat_gateway_id": "",
                "network_interface_id": "",
                "transit_gateway_id": "",
                "vpc_peering_connection_id": ""
              }
            ],
            "tags": null,
            "vpc_id": "vpc-062f4b6a92ba817d4"
          },
          "private": "bnVsbA==",
          "depends_on": [
            "aws_internet_gateway.ANSIBLE-KURS-IGW-1",
            "aws_vpc.ANSIBLE-KURS-VPC-1"
          ]
        }
      ]
    },
    {
      "mode": "managed",
      "type": "aws_route_table_association",
      "name": "ANSIBLE-KURS-ROUTETABLEASSOC-1",
      "provider": "provider.aws",
      "instances": [
        {
          "schema_version": 0,
          "attributes": {
            "id": "rtbassoc-0db31f11499a6dbef",
            "route_table_id": "rtb-0b57f96f7c7fdc832",
            "subnet_id": "subnet-0249007429a9c9b86"
          },
          "private": "bnVsbA==",
          "depends_on": [
            "aws_route_table.ANSIBLE-KURS-ROUTETABLE-1",
            "aws_subnet.ANSIBLE-KURS-SUBNET-1"
          ]
        }
      ]
    },
    {
      "mode": "managed",
      "type": "aws_security_group",
      "name": "ANSIBLE-KURS-SG-1",
      "provider": "provider.aws",
      "instances": [
        {
          "schema_version": 1,
          "attributes": {
            "arn": "arn:aws:ec2:eu-central-1:189571796651:security-group/sg-08008a58624d5d8a0",
            "description": "Created with Terraform",
            "egress": [
              {
                "cidr_blocks": [
                  "0.0.0.0/0"
                ],
                "description": "",
                "from_port": 0,
                "ipv6_cidr_blocks": [
                  "::/0"
                ],
                "prefix_list_ids": [],
                "protocol": "-1",
                "security_groups": [],
                "self": false,
                "to_port": 0
              }
            ],
            "id": "sg-08008a58624d5d8a0",
            "ingress": [
              {
                "cidr_blocks": [
                  "0.0.0.0/0"
                ],
                "description": "",
                "from_port": 22,
                "ipv6_cidr_blocks": [],
                "prefix_list_ids": [],
                "protocol": "tcp",
                "security_groups": [],
                "self": false,
                "to_port": 22
              },
              {
                "cidr_blocks": [
                  "0.0.0.0/0"
                ],
                "description": "",
                "from_port": 443,
                "ipv6_cidr_blocks": [],
                "prefix_list_ids": [],
                "protocol": "tcp",
                "security_groups": [],
                "self": false,
                "to_port": 443
              },
              {
                "cidr_blocks": [
                  "0.0.0.0/0"
                ],
                "description": "",
                "from_port": 80,
                "ipv6_cidr_blocks": [],
                "prefix_list_ids": [],
                "protocol": "tcp",
                "security_groups": [],
                "self": false,
                "to_port": 80
              }
            ],
            "name": "ANSIBLE-KURS-SG-1",
            "name_prefix": null,
            "owner_id": "189571796651",
            "revoke_rules_on_delete": false,
            "tags": null,
            "timeouts": null,
            "vpc_id": "vpc-062f4b6a92ba817d4"
          },
          "private": "eyJlMmJmYjczMC1lY2FhLTExZTYtOGY4OC0zNDM2M2JjN2M0YzAiOnsiY3JlYXRlIjo2MDAwMDAwMDAwMDAsImRlbGV0ZSI6NjAwMDAwMDAwMDAwfSwic2NoZW1hX3ZlcnNpb24iOiIxIn0=",
          "depends_on": [
            "aws_vpc.ANSIBLE-KURS-VPC-1"
          ]
        }
      ]
    },
    {
      "mode": "managed",
      "type": "aws_spot_instance_request",
      "name": "ANSIBLE-KURS-EC2-BASTION",
      "each": "list",
      "provider": "provider.aws",
      "instances": [
        {
          "index_key": 0,
          "schema_version": 0,
          "attributes": {
            "ami": "ami-04cf43aca3e6f3de3",
            "arn": null,
            "associate_public_ip_address": true,
            "availability_zone": "eu-central-1a",
            "block_duration_minutes": 0,
            "cpu_core_count": null,
            "cpu_threads_per_core": null,
            "credit_specification": [],
            "disable_api_termination": null,
            "ebs_block_device": [],
            "ebs_optimized": false,
            "ephemeral_block_device": [],
            "get_password_data": false,
            "host_id": null,
            "iam_instance_profile": null,
            "id": "sir-f25rh6pp",
            "instance_initiated_shutdown_behavior": null,
            "instance_interruption_behaviour": "terminate",
            "instance_state": null,
            "instance_type": "m4.large",
            "ipv6_address_count": 0,
            "ipv6_addresses": [],
            "key_name": "ANSIBLE-KURS-KEYPAIR-1",
            "launch_group": "",
            "monitoring": false,
            "network_interface": [],
            "network_interface_id": "eni-0e7ae727b23536db3",
            "password_data": "",
            "placement_group": null,
            "primary_network_interface_id": null,
            "private_dns": "ip-10-150-0-241.eu-central-1.compute.internal",
            "private_ip": "10.150.0.241",
            "public_dns": "ec2-54-93-98-241.eu-central-1.compute.amazonaws.com",
            "public_ip": "54.93.98.241",
            "root_block_device": [
              {
                "delete_on_termination": true,
                "iops": 100,
                "volume_id": "vol-0786faad46838a55f",
                "volume_size": 8,
                "volume_type": "gp2"
              }
            ],
            "security_groups": [],
            "source_dest_check": true,
            "spot_bid_status": "fulfilled",
            "spot_instance_id": "i-0c6b5d304b7265c01",
            "spot_price": "0.05",
            "spot_request_state": "active",
            "spot_type": "persistent",
            "subnet_id": "subnet-0249007429a9c9b86",
            "tags": null,
            "tenancy": null,
            "timeouts": null,
            "user_data": null,
            "user_data_base64": null,
            "valid_from": "0001-01-01T00:00:00Z",
            "valid_until": "0001-01-01T00:00:00Z",
            "volume_tags": null,
            "vpc_security_group_ids": [
              "sg-08008a58624d5d8a0"
            ],
            "wait_for_fulfillment": true
          },
          "private": "eyJlMmJmYjczMC1lY2FhLTExZTYtOGY4OC0zNDM2M2JjN2M0YzAiOnsiY3JlYXRlIjo2MDAwMDAwMDAwMDAsImRlbGV0ZSI6MTIwMDAwMDAwMDAwMH19",
          "depends_on": [
            "aws_key_pair.ANSIBLE-KURS-KEYPAIR-1",
            "aws_security_group.ANSIBLE-KURS-SG-1",
            "aws_subnet.ANSIBLE-KURS-SUBNET-1"
          ]
        },
        {
          "index_key": 1,
          "schema_version": 0,
          "attributes": {
            "ami": "ami-04cf43aca3e6f3de3",
            "arn": null,
            "associate_public_ip_address": true,
            "availability_zone": "eu-central-1a",
            "block_duration_minutes": 0,
            "cpu_core_count": null,
            "cpu_threads_per_core": null,
            "credit_specification": [],
            "disable_api_termination": null,
            "ebs_block_device": [],
            "ebs_optimized": false,
            "ephemeral_block_device": [],
            "get_password_data": false,
            "host_id": null,
            "iam_instance_profile": null,
            "id": "sir-rx8ghbxp",
            "instance_initiated_shutdown_behavior": null,
            "instance_interruption_behaviour": "terminate",
            "instance_state": null,
            "instance_type": "m4.large",
            "ipv6_address_count": 0,
            "ipv6_addresses": [],
            "key_name": "ANSIBLE-KURS-KEYPAIR-1",
            "launch_group": "",
            "monitoring": false,
            "network_interface": [],
            "network_interface_id": "eni-02dfc2c257b820599",
            "password_data": "",
            "placement_group": null,
            "primary_network_interface_id": null,
            "private_dns": "ip-10-150-0-159.eu-central-1.compute.internal",
            "private_ip": "10.150.0.159",
            "public_dns": "ec2-35-158-93-249.eu-central-1.compute.amazonaws.com",
            "public_ip": "35.158.93.249",
            "root_block_device": [
              {
                "delete_on_termination": true,
                "iops": 100,
                "volume_id": "vol-0ba7318f7b2e1c148",
                "volume_size": 8,
                "volume_type": "gp2"
              }
            ],
            "security_groups": [],
            "source_dest_check": true,
            "spot_bid_status": "fulfilled",
            "spot_instance_id": "i-0d4b30c8243071fe5",
            "spot_price": "0.05",
            "spot_request_state": "active",
            "spot_type": "persistent",
            "subnet_id": "subnet-0249007429a9c9b86",
            "tags": null,
            "tenancy": null,
            "timeouts": null,
            "user_data": null,
            "user_data_base64": null,
            "valid_from": "0001-01-01T00:00:00Z",
            "valid_until": "0001-01-01T00:00:00Z",
            "volume_tags": null,
            "vpc_security_group_ids": [
              "sg-08008a58624d5d8a0"
            ],
            "wait_for_fulfillment": true
          },
          "private": "eyJlMmJmYjczMC1lY2FhLTExZTYtOGY4OC0zNDM2M2JjN2M0YzAiOnsiY3JlYXRlIjo2MDAwMDAwMDAwMDAsImRlbGV0ZSI6MTIwMDAwMDAwMDAwMH19",
          "depends_on": [
            "aws_key_pair.ANSIBLE-KURS-KEYPAIR-1",
            "aws_security_group.ANSIBLE-KURS-SG-1",
            "aws_subnet.ANSIBLE-KURS-SUBNET-1"
          ]
        },
        {
          "index_key": 2,
          "schema_version": 0,
          "attributes": {
            "ami": "ami-04cf43aca3e6f3de3",
            "arn": null,
            "associate_public_ip_address": true,
            "availability_zone": "eu-central-1a",
            "block_duration_minutes": 0,
            "cpu_core_count": null,
            "cpu_threads_per_core": null,
            "credit_specification": [],
            "disable_api_termination": null,
            "ebs_block_device": [],
            "ebs_optimized": false,
            "ephemeral_block_device": [],
            "get_password_data": false,
            "host_id": null,
            "iam_instance_profile": null,
            "id": "sir-1fvrkxep",
            "instance_initiated_shutdown_behavior": null,
            "instance_interruption_behaviour": "terminate",
            "instance_state": null,
            "instance_type": "m4.large",
            "ipv6_address_count": 0,
            "ipv6_addresses": [],
            "key_name": "ANSIBLE-KURS-KEYPAIR-1",
            "launch_group": "",
            "monitoring": false,
            "network_interface": [],
            "network_interface_id": "eni-03d5f9d5d91203cdd",
            "password_data": "",
            "placement_group": null,
            "primary_network_interface_id": null,
            "private_dns": "ip-10-150-0-190.eu-central-1.compute.internal",
            "private_ip": "10.150.0.190",
            "public_dns": "ec2-52-29-115-91.eu-central-1.compute.amazonaws.com",
            "public_ip": "52.29.115.91",
            "root_block_device": [
              {
                "delete_on_termination": true,
                "iops": 100,
                "volume_id": "vol-0936b630774234a97",
                "volume_size": 8,
                "volume_type": "gp2"
              }
            ],
            "security_groups": [],
            "source_dest_check": true,
            "spot_bid_status": "fulfilled",
            "spot_instance_id": "i-0ce81d530f599970c",
            "spot_price": "0.05",
            "spot_request_state": "active",
            "spot_type": "persistent",
            "subnet_id": "subnet-0249007429a9c9b86",
            "tags": null,
            "tenancy": null,
            "timeouts": null,
            "user_data": null,
            "user_data_base64": null,
            "valid_from": "0001-01-01T00:00:00Z",
            "valid_until": "0001-01-01T00:00:00Z",
            "volume_tags": null,
            "vpc_security_group_ids": [
              "sg-08008a58624d5d8a0"
            ],
            "wait_for_fulfillment": true
          },
          "private": "eyJlMmJmYjczMC1lY2FhLTExZTYtOGY4OC0zNDM2M2JjN2M0YzAiOnsiY3JlYXRlIjo2MDAwMDAwMDAwMDAsImRlbGV0ZSI6MTIwMDAwMDAwMDAwMH19",
          "depends_on": [
            "aws_key_pair.ANSIBLE-KURS-KEYPAIR-1",
            "aws_security_group.ANSIBLE-KURS-SG-1",
            "aws_subnet.ANSIBLE-KURS-SUBNET-1"
          ]
        },
        {
          "index_key": 3,
          "schema_version": 0,
          "attributes": {
            "ami": "ami-04cf43aca3e6f3de3",
            "arn": null,
            "associate_public_ip_address": true,
            "availability_zone": "eu-central-1a",
            "block_duration_minutes": 0,
            "cpu_core_count": null,
            "cpu_threads_per_core": null,
            "credit_specification": [],
            "disable_api_termination": null,
            "ebs_block_device": [],
            "ebs_optimized": false,
            "ephemeral_block_device": [],
            "get_password_data": false,
            "host_id": null,
            "iam_instance_profile": null,
            "id": "sir-4cqgjqtp",
            "instance_initiated_shutdown_behavior": null,
            "instance_interruption_behaviour": "terminate",
            "instance_state": null,
            "instance_type": "m4.large",
            "ipv6_address_count": 0,
            "ipv6_addresses": [],
            "key_name": "ANSIBLE-KURS-KEYPAIR-1",
            "launch_group": "",
            "monitoring": false,
            "network_interface": [],
            "network_interface_id": "eni-0c3151ff8c31a8a53",
            "password_data": "",
            "placement_group": null,
            "primary_network_interface_id": null,
            "private_dns": "ip-10-150-0-216.eu-central-1.compute.internal",
            "private_ip": "10.150.0.216",
            "public_dns": "ec2-18-196-64-184.eu-central-1.compute.amazonaws.com",
            "public_ip": "18.196.64.184",
            "root_block_device": [
              {
                "delete_on_termination": true,
                "iops": 100,
                "volume_id": "vol-00b647ec87f9e7a38",
                "volume_size": 8,
                "volume_type": "gp2"
              }
            ],
            "security_groups": [],
            "source_dest_check": true,
            "spot_bid_status": "fulfilled",
            "spot_instance_id": "i-005e3da8d2d2f088c",
            "spot_price": "0.05",
            "spot_request_state": "active",
            "spot_type": "persistent",
            "subnet_id": "subnet-0249007429a9c9b86",
            "tags": null,
            "tenancy": null,
            "timeouts": null,
            "user_data": null,
            "user_data_base64": null,
            "valid_from": "0001-01-01T00:00:00Z",
            "valid_until": "0001-01-01T00:00:00Z",
            "volume_tags": null,
            "vpc_security_group_ids": [
              "sg-08008a58624d5d8a0"
            ],
            "wait_for_fulfillment": true
          },
          "private": "eyJlMmJmYjczMC1lY2FhLTExZTYtOGY4OC0zNDM2M2JjN2M0YzAiOnsiY3JlYXRlIjo2MDAwMDAwMDAwMDAsImRlbGV0ZSI6MTIwMDAwMDAwMDAwMH19",
          "depends_on": [
            "aws_key_pair.ANSIBLE-KURS-KEYPAIR-1",
            "aws_security_group.ANSIBLE-KURS-SG-1",
            "aws_subnet.ANSIBLE-KURS-SUBNET-1"
          ]
        }
      ]
    },
    {
      "mode": "managed",
      "type": "aws_subnet",
      "name": "ANSIBLE-KURS-SUBNET-1",
      "provider": "provider.aws",
      "instances": [
        {
          "schema_version": 1,
          "attributes": {
            "arn": "arn:aws:ec2:eu-central-1:189571796651:subnet/subnet-0249007429a9c9b86",
            "assign_ipv6_address_on_creation": false,
            "availability_zone": "eu-central-1a",
            "availability_zone_id": "euc1-az2",
            "cidr_block": "10.150.0.0/24",
            "id": "subnet-0249007429a9c9b86",
            "ipv6_cidr_block": "",
            "ipv6_cidr_block_association_id": "",
            "map_public_ip_on_launch": false,
            "owner_id": "189571796651",
            "tags": null,
            "timeouts": null,
            "vpc_id": "vpc-062f4b6a92ba817d4"
          },
          "private": "eyJlMmJmYjczMC1lY2FhLTExZTYtOGY4OC0zNDM2M2JjN2M0YzAiOnsiY3JlYXRlIjo2MDAwMDAwMDAwMDAsImRlbGV0ZSI6MTIwMDAwMDAwMDAwMH0sInNjaGVtYV92ZXJzaW9uIjoiMSJ9",
          "depends_on": [
            "aws_vpc.ANSIBLE-KURS-VPC-1"
          ]
        }
      ]
    },
    {
      "mode": "managed",
      "type": "aws_vpc",
      "name": "ANSIBLE-KURS-VPC-1",
      "provider": "provider.aws",
      "instances": [
        {
          "schema_version": 1,
          "attributes": {
            "arn": "arn:aws:ec2:eu-central-1:189571796651:vpc/vpc-062f4b6a92ba817d4",
            "assign_generated_ipv6_cidr_block": false,
            "cidr_block": "10.150.0.0/16",
            "default_network_acl_id": "acl-021eaba03b414bf0c",
            "default_route_table_id": "rtb-068dd4ce72958094d",
            "default_security_group_id": "sg-010eef1196737bef7",
            "dhcp_options_id": "dopt-5caba437",
            "enable_classiclink": null,
            "enable_classiclink_dns_support": null,
            "enable_dns_hostnames": true,
            "enable_dns_support": true,
            "id": "vpc-062f4b6a92ba817d4",
            "instance_tenancy": "default",
            "ipv6_association_id": "",
            "ipv6_cidr_block": "",
            "main_route_table_id": "rtb-068dd4ce72958094d",
            "owner_id": "189571796651",
            "tags": null
          },
          "private": "eyJzY2hlbWFfdmVyc2lvbiI6IjEifQ=="
        }
      ]
    }
  ]
}
